
Microsoft Visual Studio Solution File, Format Version 12.00
# Visual Studio Version 17
VisualStudioVersion = 17.4.33213.308
MinimumVisualStudioVersion = 10.0.40219.1
Project("{FAE04EC0-301F-11D3-BF4B-00C04F79EFBC}") = "PictureStorage", "PictureStorage\PictureStorage.csproj", "{BDC3E705-110E-4546-8552-86D7492191D1}"
EndProject
Global
	GlobalSection(SolutionConfigurationPlatforms) = preSolution
		Debug|Any CPU = Debug|Any CPU
		Release|Any CPU = Release|Any CPU
	EndGlobalSection
	GlobalSection(ProjectConfigurationPlatforms) = postSolution
		{BDC3E705-110E-4546-8552-86D7492191D1}.Debug|Any CPU.ActiveCfg = Debug|Any CPU
		{BDC3E705-110E-4546-8552-86D7492191D1}.Debug|Any CPU.Build.0 = Debug|Any CPU
		{BDC3E705-110E-4546-8552-86D7492191D1}.Release|Any CPU.ActiveCfg = Release|Any CPU
		{BDC3E705-110E-4546-8552-86D7492191D1}.Release|Any CPU.Build.0 = Release|Any CPU
	EndGlobalSection
	GlobalSection(SolutionProperties) = preSolution
		HideSolutionNode = FALSE
	EndGlobalSection
	GlobalSection(ExtensibilityGlobals) = postSolution
		SolutionGuid = {1633E39E-0A8D-4E01-A12B-FCC09F0BDAD9}
	EndGlobalSection
EndGlobal
